
Microsoft Visual Studio Solution File, Format Version 12.00
# Visual Studio Version 17
VisualStudioVersion = 17.5.33502.453
MinimumVisualStudioVersion = 10.0.40219.1
Project("{FAE04EC0-301F-11D3-BF4B-00C04F79EFBC}") = "Hotel-Room-Booking", "Hotel-Room-Booking.csproj", "{1F3389CC-B9B4-439A-84D6-4FADDA191BB8}"
EndProject
Global
	GlobalSection(SolutionConfigurationPlatforms) = preSolution
		Debug|Any CPU = Debug|Any CPU
		Release|Any CPU = Release|Any CPU
	EndGlobalSection
	GlobalSection(ProjectConfigurationPlatforms) = postSolution
		{1F3389CC-B9B4-439A-84D6-4FADDA191BB8}.Debug|Any CPU.ActiveCfg = Debug|Any CPU
		{1F3389CC-B9B4-439A-84D6-4FADDA191BB8}.Debug|Any CPU.Build.0 = Debug|Any CPU
		{1F3389CC-B9B4-439A-84D6-4FADDA191BB8}.Release|Any CPU.ActiveCfg = Release|Any CPU
		{1F3389CC-B9B4-439A-84D6-4FADDA191BB8}.Release|Any CPU.Build.0 = Release|Any CPU
	EndGlobalSection
	GlobalSection(SolutionProperties) = preSolution
		HideSolutionNode = FALSE
	EndGlobalSection
	GlobalSection(ExtensibilityGlobals) = postSolution
		SolutionGuid = {4DC37CA5-264C-4625-AACF-7281BE6B8671}
	EndGlobalSection
EndGlobal
